
Microsoft Visual Studio Solution File, Format Version 12.00
# Visual Studio Version 17
VisualStudioVersion = 17.5.33414.496
MinimumVisualStudioVersion = 10.0.40219.1
Project("{FAE04EC0-301F-11D3-BF4B-00C04F79EFBC}") = "ST10034968_PROG6212_POE", "ST10034968_PROG6212_POE\ST10034968_PROG6212_POE.csproj", "{22FDB8EF-FF41-4003-A2C7-637E15653A81}"
EndProject
Global
	GlobalSection(SolutionConfigurationPlatforms) = preSolution
		Debug|Any CPU = Debug|Any CPU
		Release|Any CPU = Release|Any CPU
	EndGlobalSection
	GlobalSection(ProjectConfigurationPlatforms) = postSolution
		{22FDB8EF-FF41-4003-A2C7-637E15653A81}.Debug|Any CPU.ActiveCfg = Debug|Any CPU
		{22FDB8EF-FF41-4003-A2C7-637E15653A81}.Debug|Any CPU.Build.0 = Debug|Any CPU
		{22FDB8EF-FF41-4003-A2C7-637E15653A81}.Release|Any CPU.ActiveCfg = Release|Any CPU
		{22FDB8EF-FF41-4003-A2C7-637E15653A81}.Release|Any CPU.Build.0 = Release|Any CPU
	EndGlobalSection
	GlobalSection(SolutionProperties) = preSolution
		HideSolutionNode = FALSE
	EndGlobalSection
	GlobalSection(ExtensibilityGlobals) = postSolution
		SolutionGuid = {A2C6BEDF-DB19-45DD-A8C6-CBED4AC08BDC}
	EndGlobalSection
EndGlobal
